PODS:
  - Alamofire (4.7.3)
  - CryptoSwift (0.9.0)
  - KeychainAccess (3.1.0)
  - LeadKit (0.8.12):
    - LeadKit/Core (= 0.8.12)
  - LeadKit/Core (0.8.12):
    - RxAlamofire (~> 4.2)
    - RxCocoa (~> 4.2)
    - RxSwift (~> 4.2)
    - SwiftDate (~> 5.0)
    - TableKit (~> 2.7)
    - UIScrollView-InfiniteScroll (~> 1.1.0)
  - LeadKit/Core-iOS-Extension (0.8.12):
    - RxAlamofire (~> 4.2)
    - RxCocoa (~> 4.2)
    - RxSwift (~> 4.2)
    - SwiftDate (~> 5.0)
    - TableKit (~> 2.7)
  - PinLayout (1.8.3)
  - RxAlamofire (4.3.0):
    - RxAlamofire/Core (= 4.3.0)
  - RxAlamofire/Core (4.3.0):
    - Alamofire (~> 4.5)
    - RxSwift (~> 4)
  - RxCocoa (4.3.1):
    - RxSwift (~> 4.0)
  - RxSwift (4.3.1)
  - SwiftDate (5.0.9)
  - SwiftLint (0.27.0)
  - SwiftValidator (5.0.0)
  - TableKit (2.7.0)
  - UIScrollView-InfiniteScroll (1.1.0)

DEPENDENCIES:
  - CryptoSwift (~> 0.9.0)
  - KeychainAccess (= 3.1.0)
  - LeadKit (from `https://github.com/Nikolaev/LeadKit`, branch `feature/xcode10-swift4`)
  - LeadKit/Core-iOS-Extension (from `https://github.com/Nikolaev/LeadKit`, branch `feature/xcode10-swift4`)
  - PinLayout (~> 1.6)
  - SwiftLint (~> 0.25)
  - SwiftValidator (= 5.0.0)

SPEC REPOS:
  https://github.com/cocoapods/specs.git:
    - Alamofire
    - CryptoSwift
    - KeychainAccess
    - PinLayout
    - RxAlamofire
    - RxCocoa
    - RxSwift
    - SwiftDate
    - SwiftLint
    - TableKit
    - UIScrollView-InfiniteScroll
  https://github.com/TouchInstinct/Podspecs.git:
    - SwiftValidator

EXTERNAL SOURCES:
  LeadKit:
    :branch: feature/xcode10-swift4
    :git: https://github.com/Nikolaev/LeadKit

CHECKOUT OPTIONS:
  LeadKit:
    :commit: b298f4b72c3d015bd2806e0df8f2f297babdb820
    :git: https://github.com/Nikolaev/LeadKit

SPEC CHECKSUMS:
  Alamofire: c7287b6e5d7da964a70935e5db17046b7fde6568
  CryptoSwift: bca8c5b653dcc2d9734409242a070ff53bafac86
  KeychainAccess: 94c5540b32eabf7bc32bfb976a268e8ea05fd6da
  LeadKit: 9f3e98430d1bbb9708fa2048de08be4d2435f49e
  PinLayout: 81759905f882389f4f0c15f3f5b90eb6713a01af
  RxAlamofire: 09624d0f2d48ed8b686e4eb4cf68e28cbd2df556
  RxCocoa: 78763c7b07d02455598d9fc3c1ad091a28b73635
  RxSwift: fe0fd770a43acdb7d0a53da411c9b892e69bb6e4
  SwiftDate: 52b718d32ec006861a2be2756cbfa482d438e781
  SwiftLint: 3207c1faa2240bf8973b191820a116113cd11073
  SwiftValidator: 46cdd2061962df3ee8bab3c536dea9b34191d459
  TableKit: 506650573ed96ec007649b655559ecd43f9fd505
  UIScrollView-InfiniteScroll: 3ef456bcbe759c19f510a383cff96e6647c98c98

PODFILE CHECKSUM: 28c5afe6d3709821c25a1695176506027fcee0c5

COCOAPODS: 1.5.3
