PODS:
  - Alamofire (4.7.3)
  - CryptoSwift (0.9.0)
  - KeychainAccess (3.1.0)
  - LeadKit (0.8.5):
    - LeadKit/Core (= 0.8.5)
  - LeadKit/Core (0.8.5):
    - RxAlamofire (~> 4.1)
    - RxCocoa (~> 4.1)
    - RxSwift (~> 4.1)
    - SwiftDate (~> 4.5)
    - TableKit (~> 2.6)
    - UIScrollView-InfiniteScroll (~> 1.0.0)
  - LeadKit/Core-iOS-Extension (0.8.5):
    - RxAlamofire (~> 4.1)
    - RxCocoa (~> 4.1)
    - RxSwift (~> 4.1)
    - SwiftDate (~> 4.5)
    - TableKit (~> 2.6)
  - PinLayout (1.8.3)
  - RxAlamofire (4.3.0):
    - RxAlamofire/Core (= 4.3.0)
  - RxAlamofire/Core (4.3.0):
    - Alamofire (~> 4.5)
    - RxSwift (~> 4)
  - RxCocoa (4.3.1):
    - RxSwift (~> 4.0)
  - RxSwift (4.3.1)
  - SwiftDate (4.5.1)
  - SwiftLint (0.27.0)
  - SwiftValidator (5.0.0)
  - TableKit (2.7.0)
  - UIScrollView-InfiniteScroll (1.0.2)

DEPENDENCIES:
  - CryptoSwift (~> 0.9.0)
  - KeychainAccess (= 3.1.0)
  - LeadKit (from `https://github.com/Nikolaev/LeadKit.git`, branch `feature/swift4.2-dependency-fix`)
  - LeadKit/Core-iOS-Extension (from `https://github.com/Nikolaev/LeadKit.git`, branch `feature/swift4.2-dependency-fix`)
  - PinLayout
  - SwiftLint (~> 0.25)
  - SwiftValidator (= 5.0.0)

SPEC REPOS:
  https://github.com/cocoapods/specs.git:
    - Alamofire
    - CryptoSwift
    - KeychainAccess
    - PinLayout
    - RxAlamofire
    - RxCocoa
    - RxSwift
    - SwiftDate
    - SwiftLint
    - TableKit
    - UIScrollView-InfiniteScroll
  https://github.com/TouchInstinct/Podspecs.git:
    - SwiftValidator

EXTERNAL SOURCES:
  LeadKit:
    :branch: feature/swift4.2-dependency-fix
    :git: https://github.com/Nikolaev/LeadKit.git

CHECKOUT OPTIONS:
  LeadKit:
    :commit: 7f7b58cf4e0ce9c57c405a8c4b8f9318e81417cb
    :git: https://github.com/Nikolaev/LeadKit.git

SPEC CHECKSUMS:
  Alamofire: c7287b6e5d7da964a70935e5db17046b7fde6568
  CryptoSwift: bca8c5b653dcc2d9734409242a070ff53bafac86
  KeychainAccess: 94c5540b32eabf7bc32bfb976a268e8ea05fd6da
  LeadKit: feed7ab24ba0a191dc5b50e83e182676358d5da5
  PinLayout: 81759905f882389f4f0c15f3f5b90eb6713a01af
  RxAlamofire: 09624d0f2d48ed8b686e4eb4cf68e28cbd2df556
  RxCocoa: 78763c7b07d02455598d9fc3c1ad091a28b73635
  RxSwift: fe0fd770a43acdb7d0a53da411c9b892e69bb6e4
  SwiftDate: 7b56d42a221f582047287deb256b23fc5ed49a60
  SwiftLint: 3207c1faa2240bf8973b191820a116113cd11073
  SwiftValidator: 46cdd2061962df3ee8bab3c536dea9b34191d459
  TableKit: 506650573ed96ec007649b655559ecd43f9fd505
  UIScrollView-InfiniteScroll: c132d6d5851daff229ab4a1060ccf70a05a051c9

PODFILE CHECKSUM: 4324d8a6907dbf7111f729cb88379355f7a38893

COCOAPODS: 1.5.3
